PODS:
  - app_tracking_transparency (0.0.1):
    - Flutter
  - appsflyer_sdk (6.2.0):
    - AppsFlyerFramework (= 6.2.6)
    - Flutter
  - AppsFlyerFramework (6.2.6):
    - AppsFlyerFramework/Main (= 6.2.6)
  - AppsFlyerFramework/Main (6.2.6)
  - Firebase/CoreOnly (7.11.0):
    - FirebaseCore (= 7.11.0)
  - Firebase/Messaging (7.11.0):
    - Firebase/CoreOnly
    - FirebaseMessaging (~> 7.11.0)
  - firebase_core (1.1.1):
    - Firebase/CoreOnly (= 7.11.0)
    - Flutter
  - firebase_messaging (9.1.4):
    - Firebase/Messaging (= 7.11.0)
    - firebase_core
    - Flutter
  - FirebaseCore (7.11.0):
    - FirebaseCoreDiagnostics (~> 7.4)
    - GoogleUtilities/Environment (~> 7.0)
    - GoogleUtilities/Logger (~> 7.0)
  - FirebaseCoreDiagnostics (7.11.0):
    - GoogleDataTransport (~> 8.4)
    - GoogleUtilities/Environment (~> 7.0)
    - GoogleUtilities/Logger (~> 7.0)
    - nanopb (~> 2.30908.0)
  - FirebaseInstallations (7.11.0):
    - FirebaseCore (~> 7.0)
    - GoogleUtilities/Environment (~> 7.0)
    - GoogleUtilities/UserDefaults (~> 7.0)
    - PromisesObjC (~> 1.2)
  - FirebaseInstanceID (7.11.0):
    - FirebaseCore (~> 7.0)
    - FirebaseInstallations (~> 7.0)
    - GoogleUtilities/Environment (~> 7.0)
    - GoogleUtilities/UserDefaults (~> 7.0)
  - FirebaseMessaging (7.11.0):
    - FirebaseCore (~> 7.0)
    - FirebaseInstallations (~> 7.0)
    - FirebaseInstanceID (~> 7.0)
    - GoogleUtilities/AppDelegateSwizzler (~> 7.0)
    - GoogleUtilities/Environment (~> 7.0)
    - GoogleUtilities/Reachability (~> 7.0)
    - GoogleUtilities/UserDefaults (~> 7.0)
  - Flutter (1.0.0)
  - GoogleDataTransport (8.4.0):
    - GoogleUtilities/Environment (~> 7.2)
    - nanopb (~> 2.30908.0)
    - PromisesObjC (~> 1.2)
  - GoogleUtilities/AppDelegateSwizzler (7.4.1):
    - GoogleUtilities/Environment
    - GoogleUtilities/Logger
    - GoogleUtilities/Network
  - GoogleUtilities/Environment (7.4.1):
    - PromisesObjC (~> 1.2)
  - GoogleUtilities/Logger (7.4.1):
    - GoogleUtilities/Environment
  - GoogleUtilities/Network (7.4.1):
    - GoogleUtilities/Logger
    - "GoogleUtilities/NSData+zlib"
    - GoogleUtilities/Reachability
  - "GoogleUtilities/NSData+zlib (7.4.1)"
  - GoogleUtilities/Reachability (7.4.1):
    - GoogleUtilities/Logger
  - GoogleUtilities/UserDefaults (7.4.1):
    - GoogleUtilities/Logger
  - nanopb (2.30908.0):
    - nanopb/decode (= 2.30908.0)
    - nanopb/encode (= 2.30908.0)
  - nanopb/decode (2.30908.0)
  - nanopb/encode (2.30908.0)
  - PromisesObjC (1.2.12)
  - url_launcher (0.0.1):
    - Flutter

DEPENDENCIES:
  - app_tracking_transparency (from `.symlinks/plugins/app_tracking_transparency/ios`)
  - appsflyer_sdk (from `.symlinks/plugins/appsflyer_sdk/ios`)
  - firebase_core (from `.symlinks/plugins/firebase_core/ios`)
  - firebase_messaging (from `.symlinks/plugins/firebase_messaging/ios`)
  - Flutter (from `Flutter`)
  - url_launcher (from `.symlinks/plugins/url_launcher/ios`)

SPEC REPOS:
  trunk:
    - AppsFlyerFramework
    - Firebase
    - FirebaseCore
    - FirebaseCoreDiagnostics
    - FirebaseInstallations
    - FirebaseInstanceID
    - FirebaseMessaging
    - GoogleDataTransport
    - GoogleUtilities
    - nanopb
    - PromisesObjC

EXTERNAL SOURCES:
  app_tracking_transparency:
    :path: ".symlinks/plugins/app_tracking_transparency/ios"
  appsflyer_sdk:
    :path: ".symlinks/plugins/appsflyer_sdk/ios"
  firebase_core:
    :path: ".symlinks/plugins/firebase_core/ios"
  firebase_messaging:
    :path: ".symlinks/plugins/firebase_messaging/ios"
  Flutter:
    :path: Flutter
  url_launcher:
    :path: ".symlinks/plugins/url_launcher/ios"

SPEC CHECKSUMS:
  app_tracking_transparency: 5b1745ef9ade815f7455cb6a0848349589afb7c5
  appsflyer_sdk: ee82b922d81ce9d1078d2844d456e9fdbeb354c8
  AppsFlyerFramework: 1ac92ce51999e77806b0ecf6ff7b72af8ee8bea4
  Firebase: c121feb35e4126c0b355e3313fa9b487d47319fd
  firebase_core: 54856a8a39b8f3e35f34fdd3373f3b92a1daa68b
  firebase_messaging: 64d2a9b095bc7afa54eff3f4e13522d9098619d2
  FirebaseCore: 907447d8917a4d3eb0cce2829c5a0ad21d90b432
  FirebaseCoreDiagnostics: 68ad972f99206cef818230f3f3179d52ccfb7f8c
  FirebaseInstallations: a58d4f72ec5861840b84df489f2668d970df558a
  FirebaseInstanceID: ad5135045a498d7775903efd39762d2cdfa1be27
  FirebaseMessaging: 163435fb6db065e3b6228f1e577b10ed2cc506d2
  Flutter: 434fef37c0980e73bb6479ef766c45957d4b510c
  GoogleDataTransport: cd9db2180fcecd8da1b561aea31e3e56cf834aa7
  GoogleUtilities: f8a43108b38a68eebe8b3540e1f4f2d28843ce20
  nanopb: a0ba3315591a9ae0a16a309ee504766e90db0c96
  PromisesObjC: 3113f7f76903778cf4a0586bd1ab89329a0b7b97
  url_launcher: 6fef411d543ceb26efce54b05a0a40bfd74cbbef

PODFILE CHECKSUM: 21b64fbb12492d731c9be90cbe0f2d328bef4b49

COCOAPODS: 1.10.1
